<?xml version="1.0" encoding="UTF-8" standalone="yes" ?>
<CodeBlocks_project_file>
	<FileVersion major="1" minor="6" />
	<Project>
		<Option title="Renamer" />
		<Option pch_mode="2" />
		<Option compiler="gcc" />
		<Build>
			<Target title="Debug">
				<Option output="..\..\bin\Renamer-d.exe" prefix_auto="1" extension_auto="1" />
				<Option working_dir="..\..\bin\" />
				<Option object_output="obj\Debug\" />
				<Option type="1" />
				<Option compiler="gcc" />
				<Option parameters='--outputFormat=&quot;Blah blah&quot; --set test ' />
				<Compiler>
					<Add option="-g" />
				</Compiler>
				<Linker>
					<Add library='&quot;libboost_Program_options-mgw-sd&quot;' />
					<Add library='&quot;libboost_filesystem-mgw-sd&quot;' />
				</Linker>
			</Target>
			<Target title="Release">
				<Option output="..\..\bin\Renamer.exe" prefix_auto="1" extension_auto="1" />
				<Option object_output="obj\Release\" />
				<Option type="1" />
				<Option compiler="gcc" />
				<Compiler>
					<Add option="-O2" />
				</Compiler>
				<Linker>
					<Add option="-s" />
				</Linker>
			</Target>
		</Build>
		<Compiler>
			<Add option="-Wall" />
			<Add option="-fexceptions" />
			<Add directory="..\..\..\sqlite3.3.12\Source" />
		</Compiler>
		<Linker>
			<Add library="SQLite" />
			<Add directory="..\..\..\sqlite3.3.12\bin" />
		</Linker>
		<Unit filename="..\..\Source\globals.h" />
		<Unit filename="..\..\Source\main.cpp" />
		<Unit filename="..\..\Source\ruleset.cpp" />
		<Unit filename="..\..\Source\ruleset.h" />
		<Extensions>
			<code_completion />
		</Extensions>
	</Project>
</CodeBlocks_project_file>
