<?xml version="1.0" encoding="UTF-8" standalone="yes" ?>
<CodeBlocks_project_file>
	<FileVersion major="1" minor="6" />
	<Project>
		<Option title="Renamer" />
		<Option pch_mode="2" />
		<Option compiler="gcc" />
		<Build>
			<Target title="Debug">
				<Option output="..\..\bin\Renamer-d.exe" prefix_auto="1" extension_auto="1" />
				<Option working_dir="..\..\bin\" />
				<Option object_output="obj\Debug\" />
				<Option type="1" />
				<Option compiler="gcc" />
				<Option parameters="-s Test" />
				<Compiler>
					<Add option="-g" />
				</Compiler>
				<Linker>
					<Add library='&quot;libboost_Program_options-mgw-sd&quot;' />
					<Add library='&quot;libboost_filesystem-mgw-sd&quot;' />
					<Add library='&quot;libboost_regex-mgw-sd&quot;' />
				</Linker>
			</Target>
			<Target title="Release">
				<Option output="..\..\bin\Renamer.exe" prefix_auto="1" extension_auto="1" />
				<Option object_output="obj\Release\" />
				<Option type="1" />
				<Option compiler="gcc" />
				<Compiler>
					<Add option="-O2" />
				</Compiler>
				<Linker>
					<Add option="-s" />
				</Linker>
			</Target>
			<Target title="unitTest">
				<Option output="..\..\bin\Renamer-u.exe" prefix_auto="1" extension_auto="1" />
				<Option working_dir="..\..\bin\" />
				<Option object_output="obj\unitTest\" />
				<Option type="1" />
				<Option compiler="gcc" />
				<Compiler>
					<Add option="-W" />
					<Add option="-DRENAMER_UNIT_TEST" />
				</Compiler>
				<Linker>
					<Add library='&quot;libboost_unit_test_framework-mgw-sd&quot;' />
					<Add library='&quot;libboost_Program_options-mgw-sd&quot;' />
					<Add library='&quot;libboost_regex-mgw-sd&quot;' />
					<Add library='&quot;libboost_filesystem-mgw-sd&quot;' />
				</Linker>
			</Target>
		</Build>
		<Compiler>
			<Add option="-Wall" />
			<Add option="-fexceptions" />
			<Add directory="..\..\..\SQLite\Source" />
		</Compiler>
		<Linker>
			<Add library="SQLite" />
			<Add library="stdc++" />
			<Add directory="..\..\..\SQLite\bin" />
		</Linker>
		<Unit filename="..\..\Source\TableRow.cpp" />
		<Unit filename="..\..\Source\TableRow.h" />
		<Unit filename="..\..\Source\error.cpp" />
		<Unit filename="..\..\Source\error.h" />
		<Unit filename="..\..\Source\gem.cpp" />
		<Unit filename="..\..\Source\gem.h" />
		<Unit filename="..\..\Source\globals.h" />
		<Unit filename="..\..\Source\inputRule.cpp" />
		<Unit filename="..\..\Source\inputRule.h" />
		<Unit filename="..\..\Source\main.cpp">
			<Option target="Debug" />
			<Option target="Release" />
		</Unit>
		<Unit filename="..\..\Source\outputFormat.cpp" />
		<Unit filename="..\..\Source\outputFormat.h" />
		<Unit filename="..\..\Source\replacement.cpp" />
		<Unit filename="..\..\Source\replacement.h" />
		<Unit filename="..\..\Source\replacements.cpp" />
		<Unit filename="..\..\Source\replacements.h" />
		<Unit filename="..\..\Source\ruleset.cpp" />
		<Unit filename="..\..\Source\ruleset.h" />
		<Unit filename="..\..\Source\sqlTools.cpp" />
		<Unit filename="..\..\Source\sqlTools.h" />
		<Unit filename="..\..\Source\stlUtility.cpp" />
		<Unit filename="..\..\Source\stlUtility.h" />
		<Unit filename="..\..\Source\unitTest.cpp">
			<Option target="unitTest" />
		</Unit>
		<Extensions>
			<code_completion />
		</Extensions>
	</Project>
</CodeBlocks_project_file>
