
Microsoft Visual Studio Solution File, Format Version 9.00
# Visual Studio 2005
Project("{8BC9CEB8-8B4A-11D0-8D11-00A0C91BC942}") = "Renamer .NET", "Renamer\Renamer .NET.vcproj", "{91407C2E-D6F3-483E-A090-7B7DDCB8AE93}"
EndProject
Project("{8BC9CEB8-8B4A-11D0-8D11-00A0C91BC942}") = "SQLite", "SQLite\SQLite.vcproj", "{F205306C-10D7-4648-9150-50BAAEA3F028}"
EndProject
Global
	GlobalSection(SolutionConfigurationPlatforms) = preSolution
		Debug|Win32 = Debug|Win32
		Release|Win32 = Release|Win32
	EndGlobalSection
	GlobalSection(ProjectConfigurationPlatforms) = postSolution
		{91407C2E-D6F3-483E-A090-7B7DDCB8AE93}.Debug|Win32.ActiveCfg = Debug|Win32
		{91407C2E-D6F3-483E-A090-7B7DDCB8AE93}.Debug|Win32.Build.0 = Debug|Win32
		{91407C2E-D6F3-483E-A090-7B7DDCB8AE93}.Release|Win32.ActiveCfg = Release|Win32
		{91407C2E-D6F3-483E-A090-7B7DDCB8AE93}.Release|Win32.Build.0 = Release|Win32
		{F205306C-10D7-4648-9150-50BAAEA3F028}.Debug|Win32.ActiveCfg = Debug|Win32
		{F205306C-10D7-4648-9150-50BAAEA3F028}.Debug|Win32.Build.0 = Debug|Win32
		{F205306C-10D7-4648-9150-50BAAEA3F028}.Release|Win32.ActiveCfg = Release|Win32
		{F205306C-10D7-4648-9150-50BAAEA3F028}.Release|Win32.Build.0 = Release|Win32
	EndGlobalSection
	GlobalSection(SolutionProperties) = preSolution
		HideSolutionNode = FALSE
	EndGlobalSection
EndGlobal
